
Microsoft Visual Studio Solution File, Format Version 12.00
# Visual Studio Version 17
VisualStudioVersion = 17.2.32602.215
MinimumVisualStudioVersion = 10.0.40219.1
Project("{FAE04EC0-301F-11D3-BF4B-00C04F79EFBC}") = "PurchasingLuxuryAssets", "PurchasingLuxuryAssets\PurchasingLuxuryAssets.csproj", "{8068869C-C51A-4105-A378-3A0A83F0F9DD}"
EndProject
Global
	GlobalSection(SolutionConfigurationPlatforms) = preSolution
		Debug|Any CPU = Debug|Any CPU
		Release|Any CPU = Release|Any CPU
	EndGlobalSection
	GlobalSection(ProjectConfigurationPlatforms) = postSolution
		{8068869C-C51A-4105-A378-3A0A83F0F9DD}.Debug|Any CPU.ActiveCfg = Debug|Any CPU
		{8068869C-C51A-4105-A378-3A0A83F0F9DD}.Debug|Any CPU.Build.0 = Debug|Any CPU
		{8068869C-C51A-4105-A378-3A0A83F0F9DD}.Release|Any CPU.ActiveCfg = Release|Any CPU
		{8068869C-C51A-4105-A378-3A0A83F0F9DD}.Release|Any CPU.Build.0 = Release|Any CPU
	EndGlobalSection
	GlobalSection(SolutionProperties) = preSolution
		HideSolutionNode = FALSE
	EndGlobalSection
	GlobalSection(ExtensibilityGlobals) = postSolution
		SolutionGuid = {7C3FF636-4E05-4726-A3BE-AF2C093D40A6}
	EndGlobalSection
EndGlobal
